
Microsoft Visual Studio Solution File, Format Version 12.00
# Visual Studio Version 17
VisualStudioVersion = 17.0.32014.148
MinimumVisualStudioVersion = 10.0.40219.1
Project("{9A19103F-16F7-4668-BE54-9A1E7A4F7556}") = "VectorCliente", "VectorCliente\VectorCliente.csproj", "{852503A5-DA40-43C3-BB66-5EC6096B4F99}"
EndProject
Project("{9A19103F-16F7-4668-BE54-9A1E7A4F7556}") = "VectorWebAPI", "VectorWebAPI\VectorWebAPI.csproj", "{95266D8E-76DD-4C43-9FA2-BFE071FDF42D}"
EndProject
Project("{9A19103F-16F7-4668-BE54-9A1E7A4F7556}") = "AccesoDatos", "AccesoDatos\AccesoDatos.csproj", "{ADA2FF63-3E68-4FC1-9C80-38F037AE74DE}"
EndProject
Project("{9A19103F-16F7-4668-BE54-9A1E7A4F7556}") = "Comun", "Comun\Comun.csproj", "{B83CD545-0B8C-40B0-BA4F-D0E977816B2E}"
EndProject
Project("{9A19103F-16F7-4668-BE54-9A1E7A4F7556}") = "Modelo", "Modelo\Modelo.csproj", "{CACE028C-3C20-4238-A89B-36D9017D49F8}"
EndProject
Project("{9A19103F-16F7-4668-BE54-9A1E7A4F7556}") = "Negocio", "Negocio\Negocio.csproj", "{B8447EE4-E403-4B91-802F-400C5DB367CD}"
EndProject
Global
	GlobalSection(SolutionConfigurationPlatforms) = preSolution
		Debug|Any CPU = Debug|Any CPU
		Debug|ARM = Debug|ARM
		Debug|ARM64 = Debug|ARM64
		Debug|x64 = Debug|x64
		Debug|x86 = Debug|x86
		Release|Any CPU = Release|Any CPU
		Release|ARM = Release|ARM
		Release|ARM64 = Release|ARM64
		Release|x64 = Release|x64
		Release|x86 = Release|x86
	EndGlobalSection
	GlobalSection(ProjectConfigurationPlatforms) = postSolution
		{852503A5-DA40-43C3-BB66-5EC6096B4F99}.Debug|Any CPU.ActiveCfg = Debug|Any CPU
		{852503A5-DA40-43C3-BB66-5EC6096B4F99}.Debug|Any CPU.Build.0 = Debug|Any CPU
		{852503A5-DA40-43C3-BB66-5EC6096B4F99}.Debug|ARM.ActiveCfg = Debug|Any CPU
		{852503A5-DA40-43C3-BB66-5EC6096B4F99}.Debug|ARM.Build.0 = Debug|Any CPU
		{852503A5-DA40-43C3-BB66-5EC6096B4F99}.Debug|ARM64.ActiveCfg = Debug|Any CPU
		{852503A5-DA40-43C3-BB66-5EC6096B4F99}.Debug|ARM64.Build.0 = Debug|Any CPU
		{852503A5-DA40-43C3-BB66-5EC6096B4F99}.Debug|x64.ActiveCfg = Debug|Any CPU
		{852503A5-DA40-43C3-BB66-5EC6096B4F99}.Debug|x64.Build.0 = Debug|Any CPU
		{852503A5-DA40-43C3-BB66-5EC6096B4F99}.Debug|x86.ActiveCfg = Debug|Any CPU
		{852503A5-DA40-43C3-BB66-5EC6096B4F99}.Debug|x86.Build.0 = Debug|Any CPU
		{852503A5-DA40-43C3-BB66-5EC6096B4F99}.Release|Any CPU.ActiveCfg = Release|Any CPU
		{852503A5-DA40-43C3-BB66-5EC6096B4F99}.Release|Any CPU.Build.0 = Release|Any CPU
		{852503A5-DA40-43C3-BB66-5EC6096B4F99}.Release|ARM.ActiveCfg = Release|Any CPU
		{852503A5-DA40-43C3-BB66-5EC6096B4F99}.Release|ARM.Build.0 = Release|Any CPU
		{852503A5-DA40-43C3-BB66-5EC6096B4F99}.Release|ARM64.ActiveCfg = Release|Any CPU
		{852503A5-DA40-43C3-BB66-5EC6096B4F99}.Release|ARM64.Build.0 = Release|Any CPU
		{852503A5-DA40-43C3-BB66-5EC6096B4F99}.Release|x64.ActiveCfg = Release|Any CPU
		{852503A5-DA40-43C3-BB66-5EC6096B4F99}.Release|x64.Build.0 = Release|Any CPU
		{852503A5-DA40-43C3-BB66-5EC6096B4F99}.Release|x86.ActiveCfg = Release|Any CPU
		{852503A5-DA40-43C3-BB66-5EC6096B4F99}.Release|x86.Build.0 = Release|Any CPU
		{95266D8E-76DD-4C43-9FA2-BFE071FDF42D}.Debug|Any CPU.ActiveCfg = Debug|Any CPU
		{95266D8E-76DD-4C43-9FA2-BFE071FDF42D}.Debug|Any CPU.Build.0 = Debug|Any CPU
		{95266D8E-76DD-4C43-9FA2-BFE071FDF42D}.Debug|ARM.ActiveCfg = Debug|Any CPU
		{95266D8E-76DD-4C43-9FA2-BFE071FDF42D}.Debug|ARM.Build.0 = Debug|Any CPU
		{95266D8E-76DD-4C43-9FA2-BFE071FDF42D}.Debug|ARM64.ActiveCfg = Debug|Any CPU
		{95266D8E-76DD-4C43-9FA2-BFE071FDF42D}.Debug|ARM64.Build.0 = Debug|Any CPU
		{95266D8E-76DD-4C43-9FA2-BFE071FDF42D}.Debug|x64.ActiveCfg = Debug|Any CPU
		{95266D8E-76DD-4C43-9FA2-BFE071FDF42D}.Debug|x64.Build.0 = Debug|Any CPU
		{95266D8E-76DD-4C43-9FA2-BFE071FDF42D}.Debug|x86.ActiveCfg = Debug|Any CPU
		{95266D8E-76DD-4C43-9FA2-BFE071FDF42D}.Debug|x86.Build.0 = Debug|Any CPU
		{95266D8E-76DD-4C43-9FA2-BFE071FDF42D}.Release|Any CPU.ActiveCfg = Release|Any CPU
		{95266D8E-76DD-4C43-9FA2-BFE071FDF42D}.Release|Any CPU.Build.0 = Release|Any CPU
		{95266D8E-76DD-4C43-9FA2-BFE071FDF42D}.Release|ARM.ActiveCfg = Release|Any CPU
		{95266D8E-76DD-4C43-9FA2-BFE071FDF42D}.Release|ARM.Build.0 = Release|Any CPU
		{95266D8E-76DD-4C43-9FA2-BFE071FDF42D}.Release|ARM64.ActiveCfg = Release|Any CPU
		{95266D8E-76DD-4C43-9FA2-BFE071FDF42D}.Release|ARM64.Build.0 = Release|Any CPU
		{95266D8E-76DD-4C43-9FA2-BFE071FDF42D}.Release|x64.ActiveCfg = Release|Any CPU
		{95266D8E-76DD-4C43-9FA2-BFE071FDF42D}.Release|x64.Build.0 = Release|Any CPU
		{95266D8E-76DD-4C43-9FA2-BFE071FDF42D}.Release|x86.ActiveCfg = Release|Any CPU
		{95266D8E-76DD-4C43-9FA2-BFE071FDF42D}.Release|x86.Build.0 = Release|Any CPU
		{ADA2FF63-3E68-4FC1-9C80-38F037AE74DE}.Debug|Any CPU.ActiveCfg = Debug|Any CPU
		{ADA2FF63-3E68-4FC1-9C80-38F037AE74DE}.Debug|Any CPU.Build.0 = Debug|Any CPU
		{ADA2FF63-3E68-4FC1-9C80-38F037AE74DE}.Debug|ARM.ActiveCfg = Debug|Any CPU
		{ADA2FF63-3E68-4FC1-9C80-38F037AE74DE}.Debug|ARM.Build.0 = Debug|Any CPU
		{ADA2FF63-3E68-4FC1-9C80-38F037AE74DE}.Debug|ARM64.ActiveCfg = Debug|Any CPU
		{ADA2FF63-3E68-4FC1-9C80-38F037AE74DE}.Debug|ARM64.Build.0 = Debug|Any CPU
		{ADA2FF63-3E68-4FC1-9C80-38F037AE74DE}.Debug|x64.ActiveCfg = Debug|Any CPU
		{ADA2FF63-3E68-4FC1-9C80-38F037AE74DE}.Debug|x64.Build.0 = Debug|Any CPU
		{ADA2FF63-3E68-4FC1-9C80-38F037AE74DE}.Debug|x86.ActiveCfg = Debug|Any CPU
		{ADA2FF63-3E68-4FC1-9C80-38F037AE74DE}.Debug|x86.Build.0 = Debug|Any CPU
		{ADA2FF63-3E68-4FC1-9C80-38F037AE74DE}.Release|Any CPU.ActiveCfg = Release|Any CPU
		{ADA2FF63-3E68-4FC1-9C80-38F037AE74DE}.Release|Any CPU.Build.0 = Release|Any CPU
		{ADA2FF63-3E68-4FC1-9C80-38F037AE74DE}.Release|ARM.ActiveCfg = Release|Any CPU
		{ADA2FF63-3E68-4FC1-9C80-38F037AE74DE}.Release|ARM.Build.0 = Release|Any CPU
		{ADA2FF63-3E68-4FC1-9C80-38F037AE74DE}.Release|ARM64.ActiveCfg = Release|Any CPU
		{ADA2FF63-3E68-4FC1-9C80-38F037AE74DE}.Release|ARM64.Build.0 = Release|Any CPU
		{ADA2FF63-3E68-4FC1-9C80-38F037AE74DE}.Release|x64.ActiveCfg = Release|Any CPU
		{ADA2FF63-3E68-4FC1-9C80-38F037AE74DE}.Release|x64.Build.0 = Release|Any CPU
		{ADA2FF63-3E68-4FC1-9C80-38F037AE74DE}.Release|x86.ActiveCfg = Release|Any CPU
		{ADA2FF63-3E68-4FC1-9C80-38F037AE74DE}.Release|x86.Build.0 = Release|Any CPU
		{B83CD545-0B8C-40B0-BA4F-D0E977816B2E}.Debug|Any CPU.ActiveCfg = Debug|Any CPU
		{B83CD545-0B8C-40B0-BA4F-D0E977816B2E}.Debug|Any CPU.Build.0 = Debug|Any CPU
		{B83CD545-0B8C-40B0-BA4F-D0E977816B2E}.Debug|ARM.ActiveCfg = Debug|Any CPU
		{B83CD545-0B8C-40B0-BA4F-D0E977816B2E}.Debug|ARM.Build.0 = Debug|Any CPU
		{B83CD545-0B8C-40B0-BA4F-D0E977816B2E}.Debug|ARM64.ActiveCfg = Debug|Any CPU
		{B83CD545-0B8C-40B0-BA4F-D0E977816B2E}.Debug|ARM64.Build.0 = Debug|Any CPU
		{B83CD545-0B8C-40B0-BA4F-D0E977816B2E}.Debug|x64.ActiveCfg = Debug|Any CPU
		{B83CD545-0B8C-40B0-BA4F-D0E977816B2E}.Debug|x64.Build.0 = Debug|Any CPU
		{B83CD545-0B8C-40B0-BA4F-D0E977816B2E}.Debug|x86.ActiveCfg = Debug|Any CPU
		{B83CD545-0B8C-40B0-BA4F-D0E977816B2E}.Debug|x86.Build.0 = Debug|Any CPU
		{B83CD545-0B8C-40B0-BA4F-D0E977816B2E}.Release|Any CPU.ActiveCfg = Release|Any CPU
		{B83CD545-0B8C-40B0-BA4F-D0E977816B2E}.Release|Any CPU.Build.0 = Release|Any CPU
		{B83CD545-0B8C-40B0-BA4F-D0E977816B2E}.Release|ARM.ActiveCfg = Release|Any CPU
		{B83CD545-0B8C-40B0-BA4F-D0E977816B2E}.Release|ARM.Build.0 = Release|Any CPU
		{B83CD545-0B8C-40B0-BA4F-D0E977816B2E}.Release|ARM64.ActiveCfg = Release|Any CPU
		{B83CD545-0B8C-40B0-BA4F-D0E977816B2E}.Release|ARM64.Build.0 = Release|Any CPU
		{B83CD545-0B8C-40B0-BA4F-D0E977816B2E}.Release|x64.ActiveCfg = Release|Any CPU
		{B83CD545-0B8C-40B0-BA4F-D0E977816B2E}.Release|x64.Build.0 = Release|Any CPU
		{B83CD545-0B8C-40B0-BA4F-D0E977816B2E}.Release|x86.ActiveCfg = Release|Any CPU
		{B83CD545-0B8C-40B0-BA4F-D0E977816B2E}.Release|x86.Build.0 = Release|Any CPU
		{CACE028C-3C20-4238-A89B-36D9017D49F8}.Debug|Any CPU.ActiveCfg = Debug|Any CPU
		{CACE028C-3C20-4238-A89B-36D9017D49F8}.Debug|Any CPU.Build.0 = Debug|Any CPU
		{CACE028C-3C20-4238-A89B-36D9017D49F8}.Debug|ARM.ActiveCfg = Debug|Any CPU
		{CACE028C-3C20-4238-A89B-36D9017D49F8}.Debug|ARM.Build.0 = Debug|Any CPU
		{CACE028C-3C20-4238-A89B-36D9017D49F8}.Debug|ARM64.ActiveCfg = Debug|Any CPU
		{CACE028C-3C20-4238-A89B-36D9017D49F8}.Debug|ARM64.Build.0 = Debug|Any CPU
		{CACE028C-3C20-4238-A89B-36D9017D49F8}.Debug|x64.ActiveCfg = Debug|Any CPU
		{CACE028C-3C20-4238-A89B-36D9017D49F8}.Debug|x64.Build.0 = Debug|Any CPU
		{CACE028C-3C20-4238-A89B-36D9017D49F8}.Debug|x86.ActiveCfg = Debug|Any CPU
		{CACE028C-3C20-4238-A89B-36D9017D49F8}.Debug|x86.Build.0 = Debug|Any CPU
		{CACE028C-3C20-4238-A89B-36D9017D49F8}.Release|Any CPU.ActiveCfg = Release|Any CPU
		{CACE028C-3C20-4238-A89B-36D9017D49F8}.Release|Any CPU.Build.0 = Release|Any CPU
		{CACE028C-3C20-4238-A89B-36D9017D49F8}.Release|ARM.ActiveCfg = Release|Any CPU
		{CACE028C-3C20-4238-A89B-36D9017D49F8}.Release|ARM.Build.0 = Release|Any CPU
		{CACE028C-3C20-4238-A89B-36D9017D49F8}.Release|ARM64.ActiveCfg = Release|Any CPU
		{CACE028C-3C20-4238-A89B-36D9017D49F8}.Release|ARM64.Build.0 = Release|Any CPU
		{CACE028C-3C20-4238-A89B-36D9017D49F8}.Release|x64.ActiveCfg = Release|Any CPU
		{CACE028C-3C20-4238-A89B-36D9017D49F8}.Release|x64.Build.0 = Release|Any CPU
		{CACE028C-3C20-4238-A89B-36D9017D49F8}.Release|x86.ActiveCfg = Release|Any CPU
		{CACE028C-3C20-4238-A89B-36D9017D49F8}.Release|x86.Build.0 = Release|Any CPU
		{B8447EE4-E403-4B91-802F-400C5DB367CD}.Debug|Any CPU.ActiveCfg = Debug|Any CPU
		{B8447EE4-E403-4B91-802F-400C5DB367CD}.Debug|Any CPU.Build.0 = Debug|Any CPU
		{B8447EE4-E403-4B91-802F-400C5DB367CD}.Debug|ARM.ActiveCfg = Debug|Any CPU
		{B8447EE4-E403-4B91-802F-400C5DB367CD}.Debug|ARM.Build.0 = Debug|Any CPU
		{B8447EE4-E403-4B91-802F-400C5DB367CD}.Debug|ARM64.ActiveCfg = Debug|Any CPU
		{B8447EE4-E403-4B91-802F-400C5DB367CD}.Debug|ARM64.Build.0 = Debug|Any CPU
		{B8447EE4-E403-4B91-802F-400C5DB367CD}.Debug|x64.ActiveCfg = Debug|Any CPU
		{B8447EE4-E403-4B91-802F-400C5DB367CD}.Debug|x64.Build.0 = Debug|Any CPU
		{B8447EE4-E403-4B91-802F-400C5DB367CD}.Debug|x86.ActiveCfg = Debug|Any CPU
		{B8447EE4-E403-4B91-802F-400C5DB367CD}.Debug|x86.Build.0 = Debug|Any CPU
		{B8447EE4-E403-4B91-802F-400C5DB367CD}.Release|Any CPU.ActiveCfg = Release|Any CPU
		{B8447EE4-E403-4B91-802F-400C5DB367CD}.Release|Any CPU.Build.0 = Release|Any CPU
		{B8447EE4-E403-4B91-802F-400C5DB367CD}.Release|ARM.ActiveCfg = Release|Any CPU
		{B8447EE4-E403-4B91-802F-400C5DB367CD}.Release|ARM.Build.0 = Release|Any CPU
		{B8447EE4-E403-4B91-802F-400C5DB367CD}.Release|ARM64.ActiveCfg = Release|Any CPU
		{B8447EE4-E403-4B91-802F-400C5DB367CD}.Release|ARM64.Build.0 = Release|Any CPU
		{B8447EE4-E403-4B91-802F-400C5DB367CD}.Release|x64.ActiveCfg = Release|Any CPU
		{B8447EE4-E403-4B91-802F-400C5DB367CD}.Release|x64.Build.0 = Release|Any CPU
		{B8447EE4-E403-4B91-802F-400C5DB367CD}.Release|x86.ActiveCfg = Release|Any CPU
		{B8447EE4-E403-4B91-802F-400C5DB367CD}.Release|x86.Build.0 = Release|Any CPU
	EndGlobalSection
	GlobalSection(SolutionProperties) = preSolution
		HideSolutionNode = FALSE
	EndGlobalSection
	GlobalSection(ExtensibilityGlobals) = postSolution
		SolutionGuid = {222C4C01-93A8-48E6-B6BC-F0F2E4B4CA64}
	EndGlobalSection
EndGlobal
